
Microsoft Visual Studio Solution File, Format Version 12.00
# Visual Studio Version 17
VisualStudioVersion = 17.8.34316.72
MinimumVisualStudioVersion = 10.0.40219.1
Project("{8BC9CEB8-8B4A-11D0-8D11-00A0C91BC942}") = "task_1", "task_1\task_1.vcxproj", "{4B5A5387-D633-4354-B906-D947DB705A87}"
EndProject
Project("{8BC9CEB8-8B4A-11D0-8D11-00A0C91BC942}") = "task_2", "task_2\task_2.vcxproj", "{40F32E57-D9F8-4A60-90DA-10656C617D9C}"
EndProject
Global
	GlobalSection(SolutionConfigurationPlatforms) = preSolution
		Debug|x64 = Debug|x64
		Debug|x86 = Debug|x86
		Release|x64 = Release|x64
		Release|x86 = Release|x86
	EndGlobalSection
	GlobalSection(ProjectConfigurationPlatforms) = postSolution
		{4B5A5387-D633-4354-B906-D947DB705A87}.Debug|x64.ActiveCfg = Debug|x64
		{4B5A5387-D633-4354-B906-D947DB705A87}.Debug|x64.Build.0 = Debug|x64
		{4B5A5387-D633-4354-B906-D947DB705A87}.Debug|x86.ActiveCfg = Debug|Win32
		{4B5A5387-D633-4354-B906-D947DB705A87}.Debug|x86.Build.0 = Debug|Win32
		{4B5A5387-D633-4354-B906-D947DB705A87}.Release|x64.ActiveCfg = Release|x64
		{4B5A5387-D633-4354-B906-D947DB705A87}.Release|x64.Build.0 = Release|x64
		{4B5A5387-D633-4354-B906-D947DB705A87}.Release|x86.ActiveCfg = Release|Win32
		{4B5A5387-D633-4354-B906-D947DB705A87}.Release|x86.Build.0 = Release|Win32
		{40F32E57-D9F8-4A60-90DA-10656C617D9C}.Debug|x64.ActiveCfg = Debug|x64
		{40F32E57-D9F8-4A60-90DA-10656C617D9C}.Debug|x64.Build.0 = Debug|x64
		{40F32E57-D9F8-4A60-90DA-10656C617D9C}.Debug|x86.ActiveCfg = Debug|Win32
		{40F32E57-D9F8-4A60-90DA-10656C617D9C}.Debug|x86.Build.0 = Debug|Win32
		{40F32E57-D9F8-4A60-90DA-10656C617D9C}.Release|x64.ActiveCfg = Release|x64
		{40F32E57-D9F8-4A60-90DA-10656C617D9C}.Release|x64.Build.0 = Release|x64
		{40F32E57-D9F8-4A60-90DA-10656C617D9C}.Release|x86.ActiveCfg = Release|Win32
		{40F32E57-D9F8-4A60-90DA-10656C617D9C}.Release|x86.Build.0 = Release|Win32
	EndGlobalSection
	GlobalSection(SolutionProperties) = preSolution
		HideSolutionNode = FALSE
	EndGlobalSection
	GlobalSection(ExtensibilityGlobals) = postSolution
		SolutionGuid = {74C5A8BB-7274-45AB-87CD-824C094D31E9}
	EndGlobalSection
EndGlobal
