
Microsoft Visual Studio Solution File, Format Version 12.00
# Visual Studio Version 17
VisualStudioVersion = 17.7.34221.43
MinimumVisualStudioVersion = 10.0.40219.1
Project("{8BC9CEB8-8B4A-11D0-8D11-00A0C91BC942}") = "task_1", "task_1\task_1.vcxproj", "{CBD23D12-90E7-437C-B853-77E59B2DA883}"
EndProject
Project("{8BC9CEB8-8B4A-11D0-8D11-00A0C91BC942}") = "task_2", "task_2\task_2.vcxproj", "{E9BE5758-8430-4CF3-AE50-1367EC5E0B43}"
EndProject
Project("{8BC9CEB8-8B4A-11D0-8D11-00A0C91BC942}") = "task_3", "task_3\task_3.vcxproj", "{6D1EA581-55E8-49F3-9ECC-5E78BA65EA5B}"
EndProject
Global
	GlobalSection(SolutionConfigurationPlatforms) = preSolution
		Debug|x64 = Debug|x64
		Debug|x86 = Debug|x86
		Release|x64 = Release|x64
		Release|x86 = Release|x86
	EndGlobalSection
	GlobalSection(ProjectConfigurationPlatforms) = postSolution
		{CBD23D12-90E7-437C-B853-77E59B2DA883}.Debug|x64.ActiveCfg = Debug|x64
		{CBD23D12-90E7-437C-B853-77E59B2DA883}.Debug|x64.Build.0 = Debug|x64
		{CBD23D12-90E7-437C-B853-77E59B2DA883}.Debug|x86.ActiveCfg = Debug|Win32
		{CBD23D12-90E7-437C-B853-77E59B2DA883}.Debug|x86.Build.0 = Debug|Win32
		{CBD23D12-90E7-437C-B853-77E59B2DA883}.Release|x64.ActiveCfg = Release|x64
		{CBD23D12-90E7-437C-B853-77E59B2DA883}.Release|x64.Build.0 = Release|x64
		{CBD23D12-90E7-437C-B853-77E59B2DA883}.Release|x86.ActiveCfg = Release|Win32
		{CBD23D12-90E7-437C-B853-77E59B2DA883}.Release|x86.Build.0 = Release|Win32
		{E9BE5758-8430-4CF3-AE50-1367EC5E0B43}.Debug|x64.ActiveCfg = Debug|x64
		{E9BE5758-8430-4CF3-AE50-1367EC5E0B43}.Debug|x64.Build.0 = Debug|x64
		{E9BE5758-8430-4CF3-AE50-1367EC5E0B43}.Debug|x86.ActiveCfg = Debug|Win32
		{E9BE5758-8430-4CF3-AE50-1367EC5E0B43}.Debug|x86.Build.0 = Debug|Win32
		{E9BE5758-8430-4CF3-AE50-1367EC5E0B43}.Release|x64.ActiveCfg = Release|x64
		{E9BE5758-8430-4CF3-AE50-1367EC5E0B43}.Release|x64.Build.0 = Release|x64
		{E9BE5758-8430-4CF3-AE50-1367EC5E0B43}.Release|x86.ActiveCfg = Release|Win32
		{E9BE5758-8430-4CF3-AE50-1367EC5E0B43}.Release|x86.Build.0 = Release|Win32
		{6D1EA581-55E8-49F3-9ECC-5E78BA65EA5B}.Debug|x64.ActiveCfg = Debug|x64
		{6D1EA581-55E8-49F3-9ECC-5E78BA65EA5B}.Debug|x64.Build.0 = Debug|x64
		{6D1EA581-55E8-49F3-9ECC-5E78BA65EA5B}.Debug|x86.ActiveCfg = Debug|Win32
		{6D1EA581-55E8-49F3-9ECC-5E78BA65EA5B}.Debug|x86.Build.0 = Debug|Win32
		{6D1EA581-55E8-49F3-9ECC-5E78BA65EA5B}.Release|x64.ActiveCfg = Release|x64
		{6D1EA581-55E8-49F3-9ECC-5E78BA65EA5B}.Release|x64.Build.0 = Release|x64
		{6D1EA581-55E8-49F3-9ECC-5E78BA65EA5B}.Release|x86.ActiveCfg = Release|Win32
		{6D1EA581-55E8-49F3-9ECC-5E78BA65EA5B}.Release|x86.Build.0 = Release|Win32
	EndGlobalSection
	GlobalSection(SolutionProperties) = preSolution
		HideSolutionNode = FALSE
	EndGlobalSection
	GlobalSection(ExtensibilityGlobals) = postSolution
		SolutionGuid = {DF51853B-DB89-4690-919E-4D55281F5D59}
	EndGlobalSection
EndGlobal
